
Microsoft Visual Studio Solution File, Format Version 12.00
# Visual Studio Version 16
VisualStudioVersion = 16.0.29306.81
MinimumVisualStudioVersion = 10.0.40219.1
Project("{FAE04EC0-301F-11D3-BF4B-00C04F79EFBC}") = "DigitalSignageApi", "DigitalSignageApi.csproj", "{0408976D-FDF8-4807-922F-32B2F5754726}"
EndProject
Global
	GlobalSection(SolutionConfigurationPlatforms) = preSolution
		Debug|Any CPU = Debug|Any CPU
		Release|Any CPU = Release|Any CPU
	EndGlobalSection
	GlobalSection(ProjectConfigurationPlatforms) = postSolution
		{0408976D-FDF8-4807-922F-32B2F5754726}.Debug|Any CPU.ActiveCfg = Debug|Any CPU
		{0408976D-FDF8-4807-922F-32B2F5754726}.Debug|Any CPU.Build.0 = Debug|Any CPU
		{0408976D-FDF8-4807-922F-32B2F5754726}.Release|Any CPU.ActiveCfg = Release|Any CPU
		{0408976D-FDF8-4807-922F-32B2F5754726}.Release|Any CPU.Build.0 = Release|Any CPU
	EndGlobalSection
	GlobalSection(SolutionProperties) = preSolution
		HideSolutionNode = FALSE
	EndGlobalSection
	GlobalSection(ExtensibilityGlobals) = postSolution
		SolutionGuid = {69F58906-B584-40C9-8A42-D42F5B639003}
	EndGlobalSection
EndGlobal
